
Microsoft Visual Studio Solution File, Format Version 12.00
# Visual Studio Version 17
VisualStudioVersion = 17.14.36915.13
MinimumVisualStudioVersion = 10.0.40219.1
Project("{FAE04EC0-301F-11D3-BF4B-00C04F79EFBC}") = "CleanArchiteture.API", "CleanArchitetureAPI\CleanArchiteture.API.csproj", "{F11B8E1A-101E-43A5-9078-98D03C07B3C2}"
EndProject
Project("{FAE04EC0-301F-11D3-BF4B-00C04F79EFBC}") = "CleanArchiteture.Application", "CleanArchiteture.Application\CleanArchiteture.Application.csproj", "{8AEF0066-511E-4EEA-873F-8BD2D71ED969}"
EndProject
Project("{FAE04EC0-301F-11D3-BF4B-00C04F79EFBC}") = "CleanArchiteture.Domain", "CleanArchiteture.Domain\CleanArchiteture.Domain.csproj", "{1F5EDBD0-6FAD-443F-8536-017DEF0821E1}"
EndProject
Project("{FAE04EC0-301F-11D3-BF4B-00C04F79EFBC}") = "CleanArchiteture.Structure", "CleanArchiteture.Structure\CleanArchiteture.Structure.csproj", "{407375D0-1FD4-4433-B064-A1C2A01ACD94}"
EndProject
Global
	GlobalSection(SolutionConfigurationPlatforms) = preSolution
		Debug|Any CPU = Debug|Any CPU
		Release|Any CPU = Release|Any CPU
	EndGlobalSection
	GlobalSection(ProjectConfigurationPlatforms) = postSolution
		{F11B8E1A-101E-43A5-9078-98D03C07B3C2}.Debug|Any CPU.ActiveCfg = Debug|Any CPU
		{F11B8E1A-101E-43A5-9078-98D03C07B3C2}.Debug|Any CPU.Build.0 = Debug|Any CPU
		{F11B8E1A-101E-43A5-9078-98D03C07B3C2}.Release|Any CPU.ActiveCfg = Release|Any CPU
		{F11B8E1A-101E-43A5-9078-98D03C07B3C2}.Release|Any CPU.Build.0 = Release|Any CPU
		{8AEF0066-511E-4EEA-873F-8BD2D71ED969}.Debug|Any CPU.ActiveCfg = Debug|Any CPU
		{8AEF0066-511E-4EEA-873F-8BD2D71ED969}.Debug|Any CPU.Build.0 = Debug|Any CPU
		{8AEF0066-511E-4EEA-873F-8BD2D71ED969}.Release|Any CPU.ActiveCfg = Release|Any CPU
		{8AEF0066-511E-4EEA-873F-8BD2D71ED969}.Release|Any CPU.Build.0 = Release|Any CPU
		{1F5EDBD0-6FAD-443F-8536-017DEF0821E1}.Debug|Any CPU.ActiveCfg = Debug|Any CPU
		{1F5EDBD0-6FAD-443F-8536-017DEF0821E1}.Debug|Any CPU.Build.0 = Debug|Any CPU
		{1F5EDBD0-6FAD-443F-8536-017DEF0821E1}.Release|Any CPU.ActiveCfg = Release|Any CPU
		{1F5EDBD0-6FAD-443F-8536-017DEF0821E1}.Release|Any CPU.Build.0 = Release|Any CPU
		{407375D0-1FD4-4433-B064-A1C2A01ACD94}.Debug|Any CPU.ActiveCfg = Debug|Any CPU
		{407375D0-1FD4-4433-B064-A1C2A01ACD94}.Debug|Any CPU.Build.0 = Debug|Any CPU
		{407375D0-1FD4-4433-B064-A1C2A01ACD94}.Release|Any CPU.ActiveCfg = Release|Any CPU
		{407375D0-1FD4-4433-B064-A1C2A01ACD94}.Release|Any CPU.Build.0 = Release|Any CPU
	EndGlobalSection
	GlobalSection(SolutionProperties) = preSolution
		HideSolutionNode = FALSE
	EndGlobalSection
	GlobalSection(ExtensibilityGlobals) = postSolution
		SolutionGuid = {12A69023-8985-4412-9B11-9A0DF98D4C19}
	EndGlobalSection
EndGlobal
